
Microsoft Visual Studio Solution File, Format Version 12.00
# Visual Studio Version 17
VisualStudioVersion = 17.11.35303.130
MinimumVisualStudioVersion = 10.0.40219.1
Project("{2150E333-8FDC-42A3-9474-1A3956D46DE8}") = "Src", "Src", "{35032E9F-252C-40A8-AFC0-16B40A2B83F2}"
EndProject
Project("{2150E333-8FDC-42A3-9474-1A3956D46DE8}") = "test", "test", "{52E49523-E156-42D1-9653-222E10F63D0D}"
EndProject
Project("{2150E333-8FDC-42A3-9474-1A3956D46DE8}") = "APIs", "APIs", "{2A6C3BE3-6A2C-45D8-BF57-7330C5BA6429}"
EndProject
Project("{2150E333-8FDC-42A3-9474-1A3956D46DE8}") = "Core", "Core", "{521C2F98-9667-42C1-903F-9DC786C8228A}"
EndProject
Project("{2150E333-8FDC-42A3-9474-1A3956D46DE8}") = "Infrastructure", "Infrastructure", "{7D6048EF-C5C8-4325-AB25-7550965BF50F}"
EndProject
Project("{2150E333-8FDC-42A3-9474-1A3956D46DE8}") = "UI", "UI", "{ABE28535-B273-4E15-8F68-F6CA62307A62}"
EndProject
Project("{2150E333-8FDC-42A3-9474-1A3956D46DE8}") = "Client", "Client", "{FAE35CE4-203A-4049-9BB4-76605E39901C}"
EndProject
Project("{2150E333-8FDC-42A3-9474-1A3956D46DE8}") = "Dashboard", "Dashboard", "{7DB985A8-11C3-4369-9D3E-16C929A00114}"
EndProject
Project("{FAE04EC0-301F-11D3-BF4B-00C04F79EFBC}") = "LinkDev.Talabat.APIs", "LinkDev.Talabat.APIs\LinkDev.Talabat.APIs.csproj", "{9DAF1889-D95B-454E-945B-859725D03E38}"
EndProject
Global
	GlobalSection(SolutionConfigurationPlatforms) = preSolution
		Debug|Any CPU = Debug|Any CPU
		Release|Any CPU = Release|Any CPU
	EndGlobalSection
	GlobalSection(ProjectConfigurationPlatforms) = postSolution
		{9DAF1889-D95B-454E-945B-859725D03E38}.Debug|Any CPU.ActiveCfg = Debug|Any CPU
		{9DAF1889-D95B-454E-945B-859725D03E38}.Debug|Any CPU.Build.0 = Debug|Any CPU
		{9DAF1889-D95B-454E-945B-859725D03E38}.Release|Any CPU.ActiveCfg = Release|Any CPU
		{9DAF1889-D95B-454E-945B-859725D03E38}.Release|Any CPU.Build.0 = Release|Any CPU
	EndGlobalSection
	GlobalSection(SolutionProperties) = preSolution
		HideSolutionNode = FALSE
	EndGlobalSection
	GlobalSection(NestedProjects) = preSolution
		{2A6C3BE3-6A2C-45D8-BF57-7330C5BA6429} = {35032E9F-252C-40A8-AFC0-16B40A2B83F2}
		{521C2F98-9667-42C1-903F-9DC786C8228A} = {35032E9F-252C-40A8-AFC0-16B40A2B83F2}
		{7D6048EF-C5C8-4325-AB25-7550965BF50F} = {35032E9F-252C-40A8-AFC0-16B40A2B83F2}
		{ABE28535-B273-4E15-8F68-F6CA62307A62} = {35032E9F-252C-40A8-AFC0-16B40A2B83F2}
		{FAE35CE4-203A-4049-9BB4-76605E39901C} = {ABE28535-B273-4E15-8F68-F6CA62307A62}
		{7DB985A8-11C3-4369-9D3E-16C929A00114} = {ABE28535-B273-4E15-8F68-F6CA62307A62}
		{9DAF1889-D95B-454E-945B-859725D03E38} = {2A6C3BE3-6A2C-45D8-BF57-7330C5BA6429}
	EndGlobalSection
	GlobalSection(ExtensibilityGlobals) = postSolution
		SolutionGuid = {03FFECA6-C28F-4BDE-A732-ACE7FD01771B}
	EndGlobalSection
EndGlobal
