
Microsoft Visual Studio Solution File, Format Version 12.00
# Visual Studio Version 17
VisualStudioVersion = 17.11.35303.130
MinimumVisualStudioVersion = 10.0.40219.1
Project("{2150E333-8FDC-42A3-9474-1A3956D46DE8}") = "Src", "Src", "{35032E9F-252C-40A8-AFC0-16B40A2B83F2}"
EndProject
Project("{2150E333-8FDC-42A3-9474-1A3956D46DE8}") = "test", "test", "{52E49523-E156-42D1-9653-222E10F63D0D}"
EndProject
Project("{2150E333-8FDC-42A3-9474-1A3956D46DE8}") = "APIs", "APIs", "{2A6C3BE3-6A2C-45D8-BF57-7330C5BA6429}"
EndProject
Project("{2150E333-8FDC-42A3-9474-1A3956D46DE8}") = "Core", "Core", "{521C2F98-9667-42C1-903F-9DC786C8228A}"
EndProject
Project("{2150E333-8FDC-42A3-9474-1A3956D46DE8}") = "Infrastructure", "Infrastructure", "{7D6048EF-C5C8-4325-AB25-7550965BF50F}"
EndProject
Project("{2150E333-8FDC-42A3-9474-1A3956D46DE8}") = "UI", "UI", "{ABE28535-B273-4E15-8F68-F6CA62307A62}"
EndProject
Project("{2150E333-8FDC-42A3-9474-1A3956D46DE8}") = "Client", "Client", "{FAE35CE4-203A-4049-9BB4-76605E39901C}"
EndProject
Project("{2150E333-8FDC-42A3-9474-1A3956D46DE8}") = "Dashboard", "Dashboard", "{7DB985A8-11C3-4369-9D3E-16C929A00114}"
EndProject
Project("{9A19103F-16F7-4668-BE54-9A1E7A4F7556}") = "LinkDev.Talabat.APIs", "LinkDev.Talabat.APIs\LinkDev.Talabat.APIs.csproj", "{9DAF1889-D95B-454E-945B-859725D03E38}"
EndProject
Project("{FAE04EC0-301F-11D3-BF4B-00C04F79EFBC}") = "LinkDev.Talabat.Core.Domain", "LinkDev.Talabat.Core.Domain\LinkDev.Talabat.Core.Domain.csproj", "{5B9CAD2E-D454-4976-A77C-54575BA98248}"
EndProject
Project("{FAE04EC0-301F-11D3-BF4B-00C04F79EFBC}") = "LinkDev.Talabat.Core.Application", "LinkDev.Talabat.Core.Application\LinkDev.Talabat.Core.Application.csproj", "{6B982F33-34E6-42EA-90CC-9CF2D17BCA57}"
EndProject
Project("{FAE04EC0-301F-11D3-BF4B-00C04F79EFBC}") = "LinkDev.Talabat.Core.Abstraction", "LinkDev.Talabat.Core.Abstraction\LinkDev.Talabat.Core.Abstraction.csproj", "{1449C8FD-1686-452F-A1AA-DBACAF85EC98}"
EndProject
Project("{FAE04EC0-301F-11D3-BF4B-00C04F79EFBC}") = "LinkDev.Talabat.Infrastructure", "LinkDev.Talabat.Infrastructure\LinkDev.Talabat.Infrastructure.csproj", "{3D01D844-D714-4C77-8AC3-4D5180900FC5}"
EndProject
Project("{FAE04EC0-301F-11D3-BF4B-00C04F79EFBC}") = "LinkDev.Talabat.Infrastructure.Persistence", "LinkDev.Talabat.Infrastructure.Persistence\LinkDev.Talabat.Infrastructure.Persistence.csproj", "{8F860134-EA04-46C2-86AC-2CD049C7EFAB}"
EndProject
Project("{FAE04EC0-301F-11D3-BF4B-00C04F79EFBC}") = "LinkDev.Talabat.Dashboard", "LinkDev.Talabat.Dashboard\LinkDev.Talabat.Dashboard.csproj", "{30FE4D18-02F5-4D32-8364-C33CE1FC5A1D}"
EndProject
Global
	GlobalSection(SolutionConfigurationPlatforms) = preSolution
		Debug|Any CPU = Debug|Any CPU
		Release|Any CPU = Release|Any CPU
	EndGlobalSection
	GlobalSection(ProjectConfigurationPlatforms) = postSolution
		{9DAF1889-D95B-454E-945B-859725D03E38}.Debug|Any CPU.ActiveCfg = Debug|Any CPU
		{9DAF1889-D95B-454E-945B-859725D03E38}.Debug|Any CPU.Build.0 = Debug|Any CPU
		{9DAF1889-D95B-454E-945B-859725D03E38}.Release|Any CPU.ActiveCfg = Release|Any CPU
		{9DAF1889-D95B-454E-945B-859725D03E38}.Release|Any CPU.Build.0 = Release|Any CPU
		{5B9CAD2E-D454-4976-A77C-54575BA98248}.Debug|Any CPU.ActiveCfg = Debug|Any CPU
		{5B9CAD2E-D454-4976-A77C-54575BA98248}.Debug|Any CPU.Build.0 = Debug|Any CPU
		{5B9CAD2E-D454-4976-A77C-54575BA98248}.Release|Any CPU.ActiveCfg = Release|Any CPU
		{5B9CAD2E-D454-4976-A77C-54575BA98248}.Release|Any CPU.Build.0 = Release|Any CPU
		{6B982F33-34E6-42EA-90CC-9CF2D17BCA57}.Debug|Any CPU.ActiveCfg = Debug|Any CPU
		{6B982F33-34E6-42EA-90CC-9CF2D17BCA57}.Debug|Any CPU.Build.0 = Debug|Any CPU
		{6B982F33-34E6-42EA-90CC-9CF2D17BCA57}.Release|Any CPU.ActiveCfg = Release|Any CPU
		{6B982F33-34E6-42EA-90CC-9CF2D17BCA57}.Release|Any CPU.Build.0 = Release|Any CPU
		{1449C8FD-1686-452F-A1AA-DBACAF85EC98}.Debug|Any CPU.ActiveCfg = Debug|Any CPU
		{1449C8FD-1686-452F-A1AA-DBACAF85EC98}.Debug|Any CPU.Build.0 = Debug|Any CPU
		{1449C8FD-1686-452F-A1AA-DBACAF85EC98}.Release|Any CPU.ActiveCfg = Release|Any CPU
		{1449C8FD-1686-452F-A1AA-DBACAF85EC98}.Release|Any CPU.Build.0 = Release|Any CPU
		{3D01D844-D714-4C77-8AC3-4D5180900FC5}.Debug|Any CPU.ActiveCfg = Debug|Any CPU
		{3D01D844-D714-4C77-8AC3-4D5180900FC5}.Debug|Any CPU.Build.0 = Debug|Any CPU
		{3D01D844-D714-4C77-8AC3-4D5180900FC5}.Release|Any CPU.ActiveCfg = Release|Any CPU
		{3D01D844-D714-4C77-8AC3-4D5180900FC5}.Release|Any CPU.Build.0 = Release|Any CPU
		{8F860134-EA04-46C2-86AC-2CD049C7EFAB}.Debug|Any CPU.ActiveCfg = Debug|Any CPU
		{8F860134-EA04-46C2-86AC-2CD049C7EFAB}.Debug|Any CPU.Build.0 = Debug|Any CPU
		{8F860134-EA04-46C2-86AC-2CD049C7EFAB}.Release|Any CPU.ActiveCfg = Release|Any CPU
		{8F860134-EA04-46C2-86AC-2CD049C7EFAB}.Release|Any CPU.Build.0 = Release|Any CPU
		{30FE4D18-02F5-4D32-8364-C33CE1FC5A1D}.Debug|Any CPU.ActiveCfg = Debug|Any CPU
		{30FE4D18-02F5-4D32-8364-C33CE1FC5A1D}.Debug|Any CPU.Build.0 = Debug|Any CPU
		{30FE4D18-02F5-4D32-8364-C33CE1FC5A1D}.Release|Any CPU.ActiveCfg = Release|Any CPU
		{30FE4D18-02F5-4D32-8364-C33CE1FC5A1D}.Release|Any CPU.Build.0 = Release|Any CPU
	EndGlobalSection
	GlobalSection(SolutionProperties) = preSolution
		HideSolutionNode = FALSE
	EndGlobalSection
	GlobalSection(NestedProjects) = preSolution
		{2A6C3BE3-6A2C-45D8-BF57-7330C5BA6429} = {35032E9F-252C-40A8-AFC0-16B40A2B83F2}
		{521C2F98-9667-42C1-903F-9DC786C8228A} = {35032E9F-252C-40A8-AFC0-16B40A2B83F2}
		{7D6048EF-C5C8-4325-AB25-7550965BF50F} = {35032E9F-252C-40A8-AFC0-16B40A2B83F2}
		{ABE28535-B273-4E15-8F68-F6CA62307A62} = {35032E9F-252C-40A8-AFC0-16B40A2B83F2}
		{FAE35CE4-203A-4049-9BB4-76605E39901C} = {ABE28535-B273-4E15-8F68-F6CA62307A62}
		{7DB985A8-11C3-4369-9D3E-16C929A00114} = {ABE28535-B273-4E15-8F68-F6CA62307A62}
		{9DAF1889-D95B-454E-945B-859725D03E38} = {2A6C3BE3-6A2C-45D8-BF57-7330C5BA6429}
		{5B9CAD2E-D454-4976-A77C-54575BA98248} = {521C2F98-9667-42C1-903F-9DC786C8228A}
		{6B982F33-34E6-42EA-90CC-9CF2D17BCA57} = {521C2F98-9667-42C1-903F-9DC786C8228A}
		{1449C8FD-1686-452F-A1AA-DBACAF85EC98} = {521C2F98-9667-42C1-903F-9DC786C8228A}
		{3D01D844-D714-4C77-8AC3-4D5180900FC5} = {7D6048EF-C5C8-4325-AB25-7550965BF50F}
		{8F860134-EA04-46C2-86AC-2CD049C7EFAB} = {7D6048EF-C5C8-4325-AB25-7550965BF50F}
		{30FE4D18-02F5-4D32-8364-C33CE1FC5A1D} = {7DB985A8-11C3-4369-9D3E-16C929A00114}
	EndGlobalSection
	GlobalSection(ExtensibilityGlobals) = postSolution
		SolutionGuid = {03FFECA6-C28F-4BDE-A732-ACE7FD01771B}
	EndGlobalSection
EndGlobal
